// !$*UTF8*$!
{
	archiveVersion = 1;
	classes = {
	};
	objectVersion = 46;
	objects = {

/* Begin PBXBuildFile section */
		900FC7951BE3A83600C72878 /* CustomTweetCell.xib in Resources */ = {isa = PBXBuildFile; fileRef = 900FC7941BE3A83600C72878 /* CustomTweetCell.xib */; };
		90C73F4F1BE3F73400FA1167 /* CustomTweetCell.swift in Sources */ = {isa = PBXBuildFile; fileRef = 90C73F4E1BE3F73400FA1167 /* CustomTweetCell.swift */; };
		90C73F511BE3FC3200FA1167 /* scratchpad.swift in Sources */ = {isa = PBXBuildFile; fileRef = 90C73F501BE3FC3200FA1167 /* scratchpad.swift */; };
		90D41F461BDEBF2A004D1658 /* AppDelegate.swift in Sources */ = {isa = PBXBuildFile; fileRef = 90D41F451BDEBF2A004D1658 /* AppDelegate.swift */; };
		90D41F481BDEBF2A004D1658 /* HomeViewController.swift in Sources */ = {isa = PBXBuildFile; fileRef = 90D41F471BDEBF2A004D1658 /* HomeViewController.swift */; };
		90D41F4B1BDEBF2A004D1658 /* Main.storyboard in Resources */ = {isa = PBXBuildFile; fileRef = 90D41F491BDEBF2A004D1658 /* Main.storyboard */; };
		90D41F4D1BDEBF2A004D1658 /* Assets.xcassets in Resources */ = {isa = PBXBuildFile; fileRef = 90D41F4C1BDEBF2A004D1658 /* Assets.xcassets */; };
		90D41F501BDEBF2A004D1658 /* LaunchScreen.storyboard in Resources */ = {isa = PBXBuildFile; fileRef = 90D41F4E1BDEBF2A004D1658 /* LaunchScreen.storyboard */; };
		90D41F5B1BDEBF2A004D1658 /* TwitterCFTests.swift in Sources */ = {isa = PBXBuildFile; fileRef = 90D41F5A1BDEBF2A004D1658 /* TwitterCFTests.swift */; };
		90D41F661BDEBF2A004D1658 /* TwitterCFUITests.swift in Sources */ = {isa = PBXBuildFile; fileRef = 90D41F651BDEBF2A004D1658 /* TwitterCFUITests.swift */; };
		90D41F741BDEC226004D1658 /* Tweet.swift in Sources */ = {isa = PBXBuildFile; fileRef = 90D41F731BDEC226004D1658 /* Tweet.swift */; };
		90D41F761BDEC2F7004D1658 /* TweetJSONParser.swift in Sources */ = {isa = PBXBuildFile; fileRef = 90D41F751BDEC2F7004D1658 /* TweetJSONParser.swift */; };
		90D41F781BDEDB3F004D1658 /* tweet.json in Resources */ = {isa = PBXBuildFile; fileRef = 90D41F771BDEDB3F004D1658 /* tweet.json */; };
		90D556111BE6ABF800C9879E /* UserTimeline.swift in Sources */ = {isa = PBXBuildFile; fileRef = 90D556101BE6ABF800C9879E /* UserTimeline.swift */; };
		90D923A71BE1236700932BE4 /* User.swift in Sources */ = {isa = PBXBuildFile; fileRef = 90D923A61BE1236700932BE4 /* User.swift */; };
		90D923A91BE127DB00932BE4 /* Login.swift in Sources */ = {isa = PBXBuildFile; fileRef = 90D923A81BE127DB00932BE4 /* Login.swift */; };
		90D923AB1BE12EEB00932BE4 /* TwitterService.swift in Sources */ = {isa = PBXBuildFile; fileRef = 90D923AA1BE12EEB00932BE4 /* TwitterService.swift */; };
		90E04EF01BE27DED00F5FDC3 /* TweetDetailViewController.swift in Sources */ = {isa = PBXBuildFile; fileRef = 90E04EEF1BE27DED00F5FDC3 /* TweetDetailViewController.swift */; };
/* End PBXBuildFile section */

/* Begin PBXContainerItemProxy section */
		90D41F571BDEBF2A004D1658 /* PBXContainerItemProxy */ = {
			isa = PBXContainerItemProxy;
			containerPortal = 90D41F3A1BDEBF29004D1658 /* Project object */;
			proxyType = 1;
			remoteGlobalIDString = 90D41F411BDEBF29004D1658;
			remoteInfo = TwitterCF;
		};
		90D41F621BDEBF2A004D1658 /* PBXContainerItemProxy */ = {
			isa = PBXContainerItemProxy;
			containerPortal = 90D41F3A1BDEBF29004D1658 /* Project object */;
			proxyType = 1;
			remoteGlobalIDString = 90D41F411BDEBF29004D1658;
			remoteInfo = TwitterCF;
		};
/* End PBXContainerItemProxy section */

/* Begin PBXFileReference section */
		900FC7941BE3A83600C72878 /* CustomTweetCell.xib */ = {isa = PBXFileReference; fileEncoding = 4; lastKnownFileType = file.xib; path = CustomTweetCell.xib; sourceTree = "<group>"; };
		90C3B9451BDFDD0E0024CEEF /* optionalBindingDemo.playground */ = {isa = PBXFileReference; lastKnownFileType = file.playground; path = optionalBindingDemo.playground; sourceTree = "<group>"; };
		90C73F4E1BE3F73400FA1167 /* CustomTweetCell.swift */ = {isa = PBXFileReference; fileEncoding = 4; lastKnownFileType = sourcecode.swift; name = CustomTweetCell.swift; path = ../CustomTweetCell.swift; sourceTree = "<group>"; };
		90C73F501BE3FC3200FA1167 /* scratchpad.swift */ = {isa = PBXFileReference; fileEncoding = 4; lastKnownFileType = sourcecode.swift; path = scratchpad.swift; sourceTree = "<group>"; };
		90D41F421BDEBF2A004D1658 /* TwitterCF.app */ = {isa = PBXFileReference; explicitFileType = wrapper.application; includeInIndex = 0; path = TwitterCF.app; sourceTree = BUILT_PRODUCTS_DIR; };
		90D41F451BDEBF2A004D1658 /* AppDelegate.swift */ = {isa = PBXFileReference; lastKnownFileType = sourcecode.swift; path = AppDelegate.swift; sourceTree = "<group>"; };
		90D41F471BDEBF2A004D1658 /* HomeViewController.swift */ = {isa = PBXFileReference; lastKnownFileType = sourcecode.swift; path = HomeViewController.swift; sourceTree = "<group>"; };
		90D41F4A1BDEBF2A004D1658 /* Base */ = {isa = PBXFileReference; lastKnownFileType = file.storyboard; name = Base; path = Base.lproj/Main.storyboard; sourceTree = "<group>"; };
		90D41F4C1BDEBF2A004D1658 /* Assets.xcassets */ = {isa = PBXFileReference; lastKnownFileType = folder.assetcatalog; path = Assets.xcassets; sourceTree = "<group>"; };
		90D41F4F1BDEBF2A004D1658 /* Base */ = {isa = PBXFileReference; lastKnownFileType = file.storyboard; name = Base; path = Base.lproj/LaunchScreen.storyboard; sourceTree = "<group>"; };
		90D41F511BDEBF2A004D1658 /* Info.plist */ = {isa = PBXFileReference; lastKnownFileType = text.plist.xml; path = Info.plist; sourceTree = "<group>"; };
		90D41F561BDEBF2A004D1658 /* TwitterCFTests.xctest */ = {isa = PBXFileReference; explicitFileType = wrapper.cfbundle; includeInIndex = 0; path = TwitterCFTests.xctest; sourceTree = BUILT_PRODUCTS_DIR; };
		90D41F5A1BDEBF2A004D1658 /* TwitterCFTests.swift */ = {isa = PBXFileReference; lastKnownFileType = sourcecode.swift; path = TwitterCFTests.swift; sourceTree = "<group>"; };
		90D41F5C1BDEBF2A004D1658 /* Info.plist */ = {isa = PBXFileReference; lastKnownFileType = text.plist.xml; path = Info.plist; sourceTree = "<group>"; };
		90D41F611BDEBF2A004D1658 /* TwitterCFUITests.xctest */ = {isa = PBXFileReference; explicitFileType = wrapper.cfbundle; includeInIndex = 0; path = TwitterCFUITests.xctest; sourceTree = BUILT_PRODUCTS_DIR; };
		90D41F651BDEBF2A004D1658 /* TwitterCFUITests.swift */ = {isa = PBXFileReference; lastKnownFileType = sourcecode.swift; path = TwitterCFUITests.swift; sourceTree = "<group>"; };
		90D41F671BDEBF2A004D1658 /* Info.plist */ = {isa = PBXFileReference; lastKnownFileType = text.plist.xml; path = Info.plist; sourceTree = "<group>"; };
		90D41F731BDEC226004D1658 /* Tweet.swift */ = {isa = PBXFileReference; fileEncoding = 4; lastKnownFileType = sourcecode.swift; path = Tweet.swift; sourceTree = "<group>"; };
		90D41F751BDEC2F7004D1658 /* TweetJSONParser.swift */ = {isa = PBXFileReference; fileEncoding = 4; lastKnownFileType = sourcecode.swift; path = TweetJSONParser.swift; sourceTree = "<group>"; };
		90D41F771BDEDB3F004D1658 /* tweet.json */ = {isa = PBXFileReference; fileEncoding = 4; lastKnownFileType = text.json; path = tweet.json; sourceTree = "<group>"; };
		90D556101BE6ABF800C9879E /* UserTimeline.swift */ = {isa = PBXFileReference; fileEncoding = 4; lastKnownFileType = sourcecode.swift; path = UserTimeline.swift; sourceTree = "<group>"; };
		90D923A61BE1236700932BE4 /* User.swift */ = {isa = PBXFileReference; fileEncoding = 4; lastKnownFileType = sourcecode.swift; path = User.swift; sourceTree = "<group>"; };
		90D923A81BE127DB00932BE4 /* Login.swift */ = {isa = PBXFileReference; fileEncoding = 4; lastKnownFileType = sourcecode.swift; path = Login.swift; sourceTree = "<group>"; };
		90D923AA1BE12EEB00932BE4 /* TwitterService.swift */ = {isa = PBXFileReference; fileEncoding = 4; lastKnownFileType = sourcecode.swift; path = TwitterService.swift; sourceTree = "<group>"; };
		90E04EEF1BE27DED00F5FDC3 /* TweetDetailViewController.swift */ = {isa = PBXFileReference; fileEncoding = 4; lastKnownFileType = sourcecode.swift; name = TweetDetailViewController.swift; path = ../TweetDetailViewController.swift; sourceTree = "<group>"; };
/* End PBXFileReference section */

/* Begin PBXFrameworksBuildPhase section */
		90D41F3F1BDEBF29004D1658 /* Frameworks */ = {
			isa = PBXFrameworksBuildPhase;
			buildActionMask = 2147483647;
			files = (
			);
			runOnlyForDeploymentPostprocessing = 0;
		};
		90D41F531BDEBF2A004D1658 /* Frameworks */ = {
			isa = PBXFrameworksBuildPhase;
			buildActionMask = 2147483647;
			files = (
			);
			runOnlyForDeploymentPostprocessing = 0;
		};
		90D41F5E1BDEBF2A004D1658 /* Frameworks */ = {
			isa = PBXFrameworksBuildPhase;
			buildActionMask = 2147483647;
			files = (
			);
			runOnlyForDeploymentPostprocessing = 0;
		};
/* End PBXFrameworksBuildPhase section */

/* Begin PBXGroup section */
		900FC7961BE3A85900C72878 /* CustomTweetCell */ = {
			isa = PBXGroup;
			children = (
				900FC7941BE3A83600C72878 /* CustomTweetCell.xib */,
				90C73F4E1BE3F73400FA1167 /* CustomTweetCell.swift */,
			);
			name = CustomTweetCell;
			sourceTree = "<group>";
		};
		9010B5B01BE50FE40039C9B4 /* Old files */ = {
			isa = PBXGroup;
			children = (
				90C3B9451BDFDD0E0024CEEF /* optionalBindingDemo.playground */,
				90C73F501BE3FC3200FA1167 /* scratchpad.swift */,
				90D41F771BDEDB3F004D1658 /* tweet.json */,
			);
			name = "Old files";
			path = TwitterCF;
			sourceTree = "<group>";
		};
		90D41F391BDEBF29004D1658 = {
			isa = PBXGroup;
			children = (
				90D41F441BDEBF2A004D1658 /* TwitterCF */,
				9010B5B01BE50FE40039C9B4 /* Old files */,
				90D41F591BDEBF2A004D1658 /* TwitterCFTests */,
				90D41F641BDEBF2A004D1658 /* TwitterCFUITests */,
				90D41F431BDEBF2A004D1658 /* Products */,
			);
			sourceTree = "<group>";
		};
		90D41F431BDEBF2A004D1658 /* Products */ = {
			isa = PBXGroup;
			children = (
				90D41F421BDEBF2A004D1658 /* TwitterCF.app */,
				90D41F561BDEBF2A004D1658 /* TwitterCFTests.xctest */,
				90D41F611BDEBF2A004D1658 /* TwitterCFUITests.xctest */,
			);
			name = Products;
			sourceTree = "<group>";
		};
		90D41F441BDEBF2A004D1658 /* TwitterCF */ = {
			isa = PBXGroup;
			children = (
				90D41F451BDEBF2A004D1658 /* AppDelegate.swift */,
				90D41F791BDEE3CE004D1658 /* Model */,
				90D41F7A1BDEE3FA004D1658 /* Controller */,
				90D41F7B1BDEE41B004D1658 /* Views */,
				90D41F4C1BDEBF2A004D1658 /* Assets.xcassets */,
				90D41F4E1BDEBF2A004D1658 /* LaunchScreen.storyboard */,
				90D41F511BDEBF2A004D1658 /* Info.plist */,
			);
			path = TwitterCF;
			sourceTree = "<group>";
		};
		90D41F591BDEBF2A004D1658 /* TwitterCFTests */ = {
			isa = PBXGroup;
			children = (
				90D41F5A1BDEBF2A004D1658 /* TwitterCFTests.swift */,
				90D41F5C1BDEBF2A004D1658 /* Info.plist */,
			);
			path = TwitterCFTests;
			sourceTree = "<group>";
		};
		90D41F641BDEBF2A004D1658 /* TwitterCFUITests */ = {
			isa = PBXGroup;
			children = (
				90D41F651BDEBF2A004D1658 /* TwitterCFUITests.swift */,
				90D41F671BDEBF2A004D1658 /* Info.plist */,
			);
			path = TwitterCFUITests;
			sourceTree = "<group>";
		};
		90D41F791BDEE3CE004D1658 /* Model */ = {
			isa = PBXGroup;
			children = (
				90D41F751BDEC2F7004D1658 /* TweetJSONParser.swift */,
				90D41F731BDEC226004D1658 /* Tweet.swift */,
				90D923A61BE1236700932BE4 /* User.swift */,
				90D556101BE6ABF800C9879E /* UserTimeline.swift */,
			);
			name = Model;
			sourceTree = "<group>";
		};
		90D41F7A1BDEE3FA004D1658 /* Controller */ = {
			isa = PBXGroup;
			children = (
				90D923A81BE127DB00932BE4 /* Login.swift */,
				90D923AA1BE12EEB00932BE4 /* TwitterService.swift */,
				90D41F471BDEBF2A004D1658 /* HomeViewController.swift */,
				90E04EEF1BE27DED00F5FDC3 /* TweetDetailViewController.swift */,
			);
			name = Controller;
			sourceTree = "<group>";
		};
		90D41F7B1BDEE41B004D1658 /* Views */ = {
			isa = PBXGroup;
			children = (
				90D41F491BDEBF2A004D1658 /* Main.storyboard */,
				900FC7961BE3A85900C72878 /* CustomTweetCell */,
			);
			name = Views;
			sourceTree = "<group>";
		};
/* End PBXGroup section */

/* Begin PBXNativeTarget section */
		90D41F411BDEBF29004D1658 /* TwitterCF */ = {
			isa = PBXNativeTarget;
			buildConfigurationList = 90D41F6A1BDEBF2A004D1658 /* Build configuration list for PBXNativeTarget "TwitterCF" */;
			buildPhases = (
				90D41F3E1BDEBF29004D1658 /* Sources */,
				90D41F3F1BDEBF29004D1658 /* Frameworks */,
				90D41F401BDEBF29004D1658 /* Resources */,
			);
			buildRules = (
			);
			dependencies = (
			);
			name = TwitterCF;
			productName = TwitterCF;
			productReference = 90D41F421BDEBF2A004D1658 /* TwitterCF.app */;
			productType = "com.apple.product-type.application";
		};
		90D41F551BDEBF2A004D1658 /* TwitterCFTests */ = {
			isa = PBXNativeTarget;
			buildConfigurationList = 90D41F6D1BDEBF2A004D1658 /* Build configuration list for PBXNativeTarget "TwitterCFTests" */;
			buildPhases = (
				90D41F521BDEBF2A004D1658 /* Sources */,
				90D41F531BDEBF2A004D1658 /* Frameworks */,
				90D41F541BDEBF2A004D1658 /* Resources */,
			);
			buildRules = (
			);
			dependencies = (
				90D41F581BDEBF2A004D1658 /* PBXTargetDependency */,
			);
			name = TwitterCFTests;
			productName = TwitterCFTests;
			productReference = 90D41F561BDEBF2A004D1658 /* TwitterCFTests.xctest */;
			productType = "com.apple.product-type.bundle.unit-test";
		};
		90D41F601BDEBF2A004D1658 /* TwitterCFUITests */ = {
			isa = PBXNativeTarget;
			buildConfigurationList = 90D41F701BDEBF2A004D1658 /* Build configuration list for PBXNativeTarget "TwitterCFUITests" */;
			buildPhases = (
				90D41F5D1BDEBF2A004D1658 /* Sources */,
				90D41F5E1BDEBF2A004D1658 /* Frameworks */,
				90D41F5F1BDEBF2A004D1658 /* Resources */,
			);
			buildRules = (
			);
			dependencies = (
				90D41F631BDEBF2A004D1658 /* PBXTargetDependency */,
			);
			name = TwitterCFUITests;
			productName = TwitterCFUITests;
			productReference = 90D41F611BDEBF2A004D1658 /* TwitterCFUITests.xctest */;
			productType = "com.apple.product-type.bundle.ui-testing";
		};
/* End PBXNativeTarget section */

/* Begin PBXProject section */
		90D41F3A1BDEBF29004D1658 /* Project object */ = {
			isa = PBXProject;
			attributes = {
				LastSwiftUpdateCheck = 0710;
				LastUpgradeCheck = 0710;
				ORGANIZATIONNAME = "Lindsey Boggio";
				TargetAttributes = {
					90D41F411BDEBF29004D1658 = {
						CreatedOnToolsVersion = 7.1;
					};
					90D41F551BDEBF2A004D1658 = {
						CreatedOnToolsVersion = 7.1;
						TestTargetID = 90D41F411BDEBF29004D1658;
					};
					90D41F601BDEBF2A004D1658 = {
						CreatedOnToolsVersion = 7.1;
						TestTargetID = 90D41F411BDEBF29004D1658;
					};
				};
			};
			buildConfigurationList = 90D41F3D1BDEBF29004D1658 /* Build configuration list for PBXProject "TwitterCF" */;
			compatibilityVersion = "Xcode 3.2";
			developmentRegion = English;
			hasScannedForEncodings = 0;
			knownRegions = (
				en,
				Base,
			);
			mainGroup = 90D41F391BDEBF29004D1658;
			productRefGroup = 90D41F431BDEBF2A004D1658 /* Products */;
			projectDirPath = "";
			projectRoot = "";
			targets = (
				90D41F411BDEBF29004D1658 /* TwitterCF */,
				90D41F551BDEBF2A004D1658 /* TwitterCFTests */,
				90D41F601BDEBF2A004D1658 /* TwitterCFUITests */,
			);
		};
/* End PBXProject section */

/* Begin PBXResourcesBuildPhase section */
		90D41F401BDEBF29004D1658 /* Resources */ = {
			isa = PBXResourcesBuildPhase;
			buildActionMask = 2147483647;
			files = (
				90D41F501BDEBF2A004D1658 /* LaunchScreen.storyboard in Resources */,
				90D41F4D1BDEBF2A004D1658 /* Assets.xcassets in Resources */,
				900FC7951BE3A83600C72878 /* CustomTweetCell.xib in Resources */,
				90D41F4B1BDEBF2A004D1658 /* Main.storyboard in Resources */,
				90D41F781BDEDB3F004D1658 /* tweet.json in Resources */,
			);
			runOnlyForDeploymentPostprocessing = 0;
		};
		90D41F541BDEBF2A004D1658 /* Resources */ = {
			isa = PBXResourcesBuildPhase;
			buildActionMask = 2147483647;
			files = (
			);
			runOnlyForDeploymentPostprocessing = 0;
		};
		90D41F5F1BDEBF2A004D1658 /* Resources */ = {
			isa = PBXResourcesBuildPhase;
			buildActionMask = 2147483647;
			files = (
			);
			runOnlyForDeploymentPostprocessing = 0;
		};
/* End PBXResourcesBuildPhase section */

/* Begin PBXSourcesBuildPhase section */
		90D41F3E1BDEBF29004D1658 /* Sources */ = {
			isa = PBXSourcesBuildPhase;
			buildActionMask = 2147483647;
			files = (
				90D41F761BDEC2F7004D1658 /* TweetJSONParser.swift in Sources */,
				90D923AB1BE12EEB00932BE4 /* TwitterService.swift in Sources */,
				90C73F4F1BE3F73400FA1167 /* CustomTweetCell.swift in Sources */,
				90D556111BE6ABF800C9879E /* UserTimeline.swift in Sources */,
				90D41F741BDEC226004D1658 /* Tweet.swift in Sources */,
				90D41F481BDEBF2A004D1658 /* HomeViewController.swift in Sources */,
				90D923A91BE127DB00932BE4 /* Login.swift in Sources */,
				90C73F511BE3FC3200FA1167 /* scratchpad.swift in Sources */,
				90E04EF01BE27DED00F5FDC3 /* TweetDetailViewController.swift in Sources */,
				90D923A71BE1236700932BE4 /* User.swift in Sources */,
				90D41F461BDEBF2A004D1658 /* AppDelegate.swift in Sources */,
			);
			runOnlyForDeploymentPostprocessing = 0;
		};
		90D41F521BDEBF2A004D1658 /* Sources */ = {
			isa = PBXSourcesBuildPhase;
			buildActionMask = 2147483647;
			files = (
				90D41F5B1BDEBF2A004D1658 /* TwitterCFTests.swift in Sources */,
			);
			runOnlyForDeploymentPostprocessing = 0;
		};
		90D41F5D1BDEBF2A004D1658 /* Sources */ = {
			isa = PBXSourcesBuildPhase;
			buildActionMask = 2147483647;
			files = (
				90D41F661BDEBF2A004D1658 /* TwitterCFUITests.swift in Sources */,
			);
			runOnlyForDeploymentPostprocessing = 0;
		};
/* End PBXSourcesBuildPhase section */

/* Begin PBXTargetDependency section */
		90D41F581BDEBF2A004D1658 /* PBXTargetDependency */ = {
			isa = PBXTargetDependency;
			target = 90D41F411BDEBF29004D1658 /* TwitterCF */;
			targetProxy = 90D41F571BDEBF2A004D1658 /* PBXContainerItemProxy */;
		};
		90D41F631BDEBF2A004D1658 /* PBXTargetDependency */ = {
			isa = PBXTargetDependency;
			target = 90D41F411BDEBF29004D1658 /* TwitterCF */;
			targetProxy = 90D41F621BDEBF2A004D1658 /* PBXContainerItemProxy */;
		};
/* End PBXTargetDependency section */

/* Begin PBXVariantGroup section */
		90D41F491BDEBF2A004D1658 /* Main.storyboard */ = {
			isa = PBXVariantGroup;
			children = (
				90D41F4A1BDEBF2A004D1658 /* Base */,
			);
			name = Main.storyboard;
			sourceTree = "<group>";
		};
		90D41F4E1BDEBF2A004D1658 /* LaunchScreen.storyboard */ = {
			isa = PBXVariantGroup;
			children = (
				90D41F4F1BDEBF2A004D1658 /* Base */,
			);
			name = LaunchScreen.storyboard;
			sourceTree = "<group>";
		};
/* End PBXVariantGroup section */

/* Begin XCBuildConfiguration section */
		90D41F681BDEBF2A004D1658 /* Debug */ = {
			isa = XCBuildConfiguration;
			buildSettings = {
				ALWAYS_SEARCH_USER_PATHS = NO;
				CLANG_CXX_LANGUAGE_STANDARD = "gnu++0x";
				CLANG_CXX_LIBRARY = "libc++";
				CLANG_ENABLE_MODULES = YES;
				CLANG_ENABLE_OBJC_ARC = YES;
				CLANG_WARN_BOOL_CONVERSION = YES;
				CLANG_WARN_CONSTANT_CONVERSION = YES;
				CLANG_WARN_DIRECT_OBJC_ISA_USAGE = YES_ERROR;
				CLANG_WARN_EMPTY_BODY = YES;
				CLANG_WARN_ENUM_CONVERSION = YES;
				CLANG_WARN_INT_CONVERSION = YES;
				CLANG_WARN_OBJC_ROOT_CLASS = YES_ERROR;
				CLANG_WARN_UNREACHABLE_CODE = YES;
				CLANG_WARN__DUPLICATE_METHOD_MATCH = YES;
				"CODE_SIGN_IDENTITY[sdk=iphoneos*]" = "iPhone Developer";
				COPY_PHASE_STRIP = NO;
				DEBUG_INFORMATION_FORMAT = dwarf;
				ENABLE_STRICT_OBJC_MSGSEND = YES;
				ENABLE_TESTABILITY = YES;
				GCC_C_LANGUAGE_STANDARD = gnu99;
				GCC_DYNAMIC_NO_PIC = NO;
				GCC_NO_COMMON_BLOCKS = YES;
				GCC_OPTIMIZATION_LEVEL = 0;
				GCC_PREPROCESSOR_DEFINITIONS = (
					"DEBUG=1",
					"$(inherited)",
				);
				GCC_WARN_64_TO_32_BIT_CONVERSION = YES;
				GCC_WARN_ABOUT_RETURN_TYPE = YES_ERROR;
				GCC_WARN_UNDECLARED_SELECTOR = YES;
				GCC_WARN_UNINITIALIZED_AUTOS = YES_AGGRESSIVE;
				GCC_WARN_UNUSED_FUNCTION = YES;
				GCC_WARN_UNUSED_VARIABLE = YES;
				IPHONEOS_DEPLOYMENT_TARGET = 9.1;
				MTL_ENABLE_DEBUG_INFO = YES;
				ONLY_ACTIVE_ARCH = YES;
				SDKROOT = iphoneos;
				SWIFT_OPTIMIZATION_LEVEL = "-Onone";
			};
			name = Debug;
		};
		90D41F691BDEBF2A004D1658 /* Release */ = {
			isa = XCBuildConfiguration;
			buildSettings = {
				ALWAYS_SEARCH_USER_PATHS = NO;
				CLANG_CXX_LANGUAGE_STANDARD = "gnu++0x";
				CLANG_CXX_LIBRARY = "libc++";
				CLANG_ENABLE_MODULES = YES;
				CLANG_ENABLE_OBJC_ARC = YES;
				CLANG_WARN_BOOL_CONVERSION = YES;
				CLANG_WARN_CONSTANT_CONVERSION = YES;
				CLANG_WARN_DIRECT_OBJC_ISA_USAGE = YES_ERROR;
				CLANG_WARN_EMPTY_BODY = YES;
				CLANG_WARN_ENUM_CONVERSION = YES;
				CLANG_WARN_INT_CONVERSION = YES;
				CLANG_WARN_OBJC_ROOT_CLASS = YES_ERROR;
				CLANG_WARN_UNREACHABLE_CODE = YES;
				CLANG_WARN__DUPLICATE_METHOD_MATCH = YES;
				"CODE_SIGN_IDENTITY[sdk=iphoneos*]" = "iPhone Developer";
				COPY_PHASE_STRIP = NO;
				DEBUG_INFORMATION_FORMAT = "dwarf-with-dsym";
				ENABLE_NS_ASSERTIONS = NO;
				ENABLE_STRICT_OBJC_MSGSEND = YES;
				GCC_C_LANGUAGE_STANDARD = gnu99;
				GCC_NO_COMMON_BLOCKS = YES;
				GCC_WARN_64_TO_32_BIT_CONVERSION = YES;
				GCC_WARN_ABOUT_RETURN_TYPE = YES_ERROR;
				GCC_WARN_UNDECLARED_SELECTOR = YES;
				GCC_WARN_UNINITIALIZED_AUTOS = YES_AGGRESSIVE;
				GCC_WARN_UNUSED_FUNCTION = YES;
				GCC_WARN_UNUSED_VARIABLE = YES;
				IPHONEOS_DEPLOYMENT_TARGET = 9.1;
				MTL_ENABLE_DEBUG_INFO = NO;
				SDKROOT = iphoneos;
				VALIDATE_PRODUCT = YES;
			};
			name = Release;
		};
		90D41F6B1BDEBF2A004D1658 /* Debug */ = {
			isa = XCBuildConfiguration;
			buildSettings = {
				ASSETCATALOG_COMPILER_APPICON_NAME = AppIcon;
				INFOPLIST_FILE = TwitterCF/Info.plist;
				IPHONEOS_DEPLOYMENT_TARGET = 8.0;
				LD_RUNPATH_SEARCH_PATHS = "$(inherited) @executable_path/Frameworks";
				PRODUCT_BUNDLE_IDENTIFIER = "Lindsey-Boggio.TwitterCF";
				PRODUCT_NAME = "$(TARGET_NAME)";
			};
			name = Debug;
		};
		90D41F6C1BDEBF2A004D1658 /* Release */ = {
			isa = XCBuildConfiguration;
			buildSettings = {
				ASSETCATALOG_COMPILER_APPICON_NAME = AppIcon;
				INFOPLIST_FILE = TwitterCF/Info.plist;
				IPHONEOS_DEPLOYMENT_TARGET = 8.0;
				LD_RUNPATH_SEARCH_PATHS = "$(inherited) @executable_path/Frameworks";
				PRODUCT_BUNDLE_IDENTIFIER = "Lindsey-Boggio.TwitterCF";
				PRODUCT_NAME = "$(TARGET_NAME)";
			};
			name = Release;
		};
		90D41F6E1BDEBF2A004D1658 /* Debug */ = {
			isa = XCBuildConfiguration;
			buildSettings = {
				BUNDLE_LOADER = "$(TEST_HOST)";
				INFOPLIST_FILE = TwitterCFTests/Info.plist;
				LD_RUNPATH_SEARCH_PATHS = "$(inherited) @executable_path/Frameworks @loader_path/Frameworks";
				PRODUCT_BUNDLE_IDENTIFIER = "Lindsey-Boggio.TwitterCFTests";
				PRODUCT_NAME = "$(TARGET_NAME)";
				TEST_HOST = "$(BUILT_PRODUCTS_DIR)/TwitterCF.app/TwitterCF";
			};
			name = Debug;
		};
		90D41F6F1BDEBF2A004D1658 /* Release */ = {
			isa = XCBuildConfiguration;
			buildSettings = {
				BUNDLE_LOADER = "$(TEST_HOST)";
				INFOPLIST_FILE = TwitterCFTests/Info.plist;
				LD_RUNPATH_SEARCH_PATHS = "$(inherited) @executable_path/Frameworks @loader_path/Frameworks";
				PRODUCT_BUNDLE_IDENTIFIER = "Lindsey-Boggio.TwitterCFTests";
				PRODUCT_NAME = "$(TARGET_NAME)";
				TEST_HOST = "$(BUILT_PRODUCTS_DIR)/TwitterCF.app/TwitterCF";
			};
			name = Release;
		};
		90D41F711BDEBF2A004D1658 /* Debug */ = {
			isa = XCBuildConfiguration;
			buildSettings = {
				INFOPLIST_FILE = TwitterCFUITests/Info.plist;
				LD_RUNPATH_SEARCH_PATHS = "$(inherited) @executable_path/Frameworks @loader_path/Frameworks";
				PRODUCT_BUNDLE_IDENTIFIER = "Lindsey-Boggio.TwitterCFUITests";
				PRODUCT_NAME = "$(TARGET_NAME)";
				TEST_TARGET_NAME = TwitterCF;
				USES_XCTRUNNER = YES;
			};
			name = Debug;
		};
		90D41F721BDEBF2A004D1658 /* Release */ = {
			isa = XCBuildConfiguration;
			buildSettings = {
				INFOPLIST_FILE = TwitterCFUITests/Info.plist;
				LD_RUNPATH_SEARCH_PATHS = "$(inherited) @executable_path/Frameworks @loader_path/Frameworks";
				PRODUCT_BUNDLE_IDENTIFIER = "Lindsey-Boggio.TwitterCFUITests";
				PRODUCT_NAME = "$(TARGET_NAME)";
				TEST_TARGET_NAME = TwitterCF;
				USES_XCTRUNNER = YES;
			};
			name = Release;
		};
/* End XCBuildConfiguration section */

/* Begin XCConfigurationList section */
		90D41F3D1BDEBF29004D1658 /* Build configuration list for PBXProject "TwitterCF" */ = {
			isa = XCConfigurationList;
			buildConfigurations = (
				90D41F681BDEBF2A004D1658 /* Debug */,
				90D41F691BDEBF2A004D1658 /* Release */,
			);
			defaultConfigurationIsVisible = 0;
			defaultConfigurationName = Release;
		};
		90D41F6A1BDEBF2A004D1658 /* Build configuration list for PBXNativeTarget "TwitterCF" */ = {
			isa = XCConfigurationList;
			buildConfigurations = (
				90D41F6B1BDEBF2A004D1658 /* Debug */,
				90D41F6C1BDEBF2A004D1658 /* Release */,
			);
			defaultConfigurationIsVisible = 0;
			defaultConfigurationName = Release;
		};
		90D41F6D1BDEBF2A004D1658 /* Build configuration list for PBXNativeTarget "TwitterCFTests" */ = {
			isa = XCConfigurationList;
			buildConfigurations = (
				90D41F6E1BDEBF2A004D1658 /* Debug */,
				90D41F6F1BDEBF2A004D1658 /* Release */,
			);
			defaultConfigurationIsVisible = 0;
			defaultConfigurationName = Release;
		};
		90D41F701BDEBF2A004D1658 /* Build configuration list for PBXNativeTarget "TwitterCFUITests" */ = {
			isa = XCConfigurationList;
			buildConfigurations = (
				90D41F711BDEBF2A004D1658 /* Debug */,
				90D41F721BDEBF2A004D1658 /* Release */,
			);
			defaultConfigurationIsVisible = 0;
			defaultConfigurationName = Release;
		};
/* End XCConfigurationList section */
	};
	rootObject = 90D41F3A1BDEBF29004D1658 /* Project object */;
}
